
Microsoft Visual Studio Solution File, Format Version 12.00
# Visual Studio 15
VisualStudioVersion = 15.0.26430.6
MinimumVisualStudioVersion = 10.0.40219.1
Project("{00D1A9C2-B5F0-4AF3-8072-F6C62B433612}") = "TestDB", "TestDB\TestDB.sqlproj", "{3F6345B5-5994-4B11-811A-07C0B2904E2B}"
EndProject
Project("{9A19103F-16F7-4668-BE54-9A1E7A4F7556}") = "StoredProcedure", "StoredProcedure\StoredProcedure.csproj", "{4AD24010-ADC2-463A-B0F7-7BFD8B89CDB7}"
EndProject
Global
	GlobalSection(SolutionConfigurationPlatforms) = preSolution
		Debug|Any CPU = Debug|Any CPU
		Release|Any CPU = Release|Any CPU
	EndGlobalSection
	GlobalSection(ProjectConfigurationPlatforms) = postSolution
		{3F6345B5-5994-4B11-811A-07C0B2904E2B}.Debug|Any CPU.ActiveCfg = Debug|Any CPU
		{3F6345B5-5994-4B11-811A-07C0B2904E2B}.Debug|Any CPU.Build.0 = Debug|Any CPU
		{3F6345B5-5994-4B11-811A-07C0B2904E2B}.Debug|Any CPU.Deploy.0 = Debug|Any CPU
		{3F6345B5-5994-4B11-811A-07C0B2904E2B}.Release|Any CPU.ActiveCfg = Release|Any CPU
		{3F6345B5-5994-4B11-811A-07C0B2904E2B}.Release|Any CPU.Build.0 = Release|Any CPU
		{3F6345B5-5994-4B11-811A-07C0B2904E2B}.Release|Any CPU.Deploy.0 = Release|Any CPU
		{4AD24010-ADC2-463A-B0F7-7BFD8B89CDB7}.Debug|Any CPU.ActiveCfg = Debug|Any CPU
		{4AD24010-ADC2-463A-B0F7-7BFD8B89CDB7}.Debug|Any CPU.Build.0 = Debug|Any CPU
		{4AD24010-ADC2-463A-B0F7-7BFD8B89CDB7}.Release|Any CPU.ActiveCfg = Release|Any CPU
		{4AD24010-ADC2-463A-B0F7-7BFD8B89CDB7}.Release|Any CPU.Build.0 = Release|Any CPU
	EndGlobalSection
	GlobalSection(SolutionProperties) = preSolution
		HideSolutionNode = FALSE
	EndGlobalSection
EndGlobal
