
Microsoft Visual Studio Solution File, Format Version 12.00
# Visual Studio 15
VisualStudioVersion = 15.0.27004.2008
MinimumVisualStudioVersion = 10.0.40219.1
Project("{9A19103F-16F7-4668-BE54-9A1E7A4F7556}") = "StoredProcedureEFCore", "StoredProcedureEFCore\StoredProcedureEFCore.csproj", "{4AD24010-ADC2-463A-B0F7-7BFD8B89CDB7}"
EndProject
Project("{9A19103F-16F7-4668-BE54-9A1E7A4F7556}") = "StoredProcedureEFCore.Tests.SqlServer", "StoredProcedureEFCore.Tests.SqlServer\StoredProcedureEFCore.Tests.SqlServer.csproj", "{B0106B50-2BA8-4DF1-87C9-18EF750495EF}"
EndProject
Project("{00D1A9C2-B5F0-4AF3-8072-F6C62B433612}") = "Database.SqlServer", "Database.SqlServer\Database.SqlServer.sqlproj", "{3C66C52D-A576-4E88-8883-A98A241C3EB5}"
EndProject
Global
	GlobalSection(SolutionConfigurationPlatforms) = preSolution
		Debug|Any CPU = Debug|Any CPU
		Release|Any CPU = Release|Any CPU
	EndGlobalSection
	GlobalSection(ProjectConfigurationPlatforms) = postSolution
		{4AD24010-ADC2-463A-B0F7-7BFD8B89CDB7}.Debug|Any CPU.ActiveCfg = Debug|Any CPU
		{4AD24010-ADC2-463A-B0F7-7BFD8B89CDB7}.Debug|Any CPU.Build.0 = Debug|Any CPU
		{4AD24010-ADC2-463A-B0F7-7BFD8B89CDB7}.Release|Any CPU.ActiveCfg = Release|Any CPU
		{4AD24010-ADC2-463A-B0F7-7BFD8B89CDB7}.Release|Any CPU.Build.0 = Release|Any CPU
		{B0106B50-2BA8-4DF1-87C9-18EF750495EF}.Debug|Any CPU.ActiveCfg = Debug|Any CPU
		{B0106B50-2BA8-4DF1-87C9-18EF750495EF}.Debug|Any CPU.Build.0 = Debug|Any CPU
		{B0106B50-2BA8-4DF1-87C9-18EF750495EF}.Release|Any CPU.ActiveCfg = Release|Any CPU
		{B0106B50-2BA8-4DF1-87C9-18EF750495EF}.Release|Any CPU.Build.0 = Release|Any CPU
		{3C66C52D-A576-4E88-8883-A98A241C3EB5}.Debug|Any CPU.ActiveCfg = Debug|Any CPU
		{3C66C52D-A576-4E88-8883-A98A241C3EB5}.Debug|Any CPU.Build.0 = Debug|Any CPU
		{3C66C52D-A576-4E88-8883-A98A241C3EB5}.Debug|Any CPU.Deploy.0 = Debug|Any CPU
		{3C66C52D-A576-4E88-8883-A98A241C3EB5}.Release|Any CPU.ActiveCfg = Release|Any CPU
		{3C66C52D-A576-4E88-8883-A98A241C3EB5}.Release|Any CPU.Build.0 = Release|Any CPU
		{3C66C52D-A576-4E88-8883-A98A241C3EB5}.Release|Any CPU.Deploy.0 = Release|Any CPU
	EndGlobalSection
	GlobalSection(SolutionProperties) = preSolution
		HideSolutionNode = FALSE
	EndGlobalSection
	GlobalSection(ExtensibilityGlobals) = postSolution
		SolutionGuid = {140C97E1-AB57-4C75-A62B-49A3DE8D69F8}
	EndGlobalSection
EndGlobal
